
Microsoft Visual Studio Solution File, Format Version 12.00
# Visual Studio Version 16
VisualStudioVersion = 16.0.29209.152
MinimumVisualStudioVersion = 10.0.40219.1
Project("{888888A0-9F3D-457C-B088-3A5042F75D52}") = "DjangoAgeApp", "DjangoAgeApp\DjangoAgeApp.pyproj", "{27A6AFD7-B6F8-4D37-B6B0-D2733BFA2BEF}"
EndProject
Global
	GlobalSection(SolutionConfigurationPlatforms) = preSolution
		Debug|Any CPU = Debug|Any CPU
		Release|Any CPU = Release|Any CPU
	EndGlobalSection
	GlobalSection(ProjectConfigurationPlatforms) = postSolution
		{27A6AFD7-B6F8-4D37-B6B0-D2733BFA2BEF}.Debug|Any CPU.ActiveCfg = Debug|Any CPU
		{27A6AFD7-B6F8-4D37-B6B0-D2733BFA2BEF}.Release|Any CPU.ActiveCfg = Release|Any CPU
	EndGlobalSection
	GlobalSection(SolutionProperties) = preSolution
		HideSolutionNode = FALSE
	EndGlobalSection
	GlobalSection(ExtensibilityGlobals) = postSolution
		SolutionGuid = {4524AF32-7597-4869-9C15-B4B549182965}
	EndGlobalSection
EndGlobal
